// !$*UTF8*$!
{
	archiveVersion = 1;
	classes = {
	};
	objectVersion = 50;
	objects = {

/* Begin PBXBuildFile section */
		08EC4A70A0177642C56BAE70 /* Pods_Todoey.framework in Frameworks */ = {isa = PBXBuildFile; fileRef = 6AD380D2AB4BFF7DC9FDA844 /* Pods_Todoey.framework */; };
		57142C2022C6BCAB00D59B53 /* DataModel.xcdatamodeld in Sources */ = {isa = PBXBuildFile; fileRef = 57142C1E22C6BCAB00D59B53 /* DataModel.xcdatamodeld */; };
		57142C4322C6E14A00D59B53 /* CategoryTableViewController.swift in Sources */ = {isa = PBXBuildFile; fileRef = 57142C4222C6E14A00D59B53 /* CategoryTableViewController.swift */; };
		5746E5EB22BDAEE20018D7CC /* AppDelegate.swift in Sources */ = {isa = PBXBuildFile; fileRef = 5746E5EA22BDAEE20018D7CC /* AppDelegate.swift */; };
		5746E5ED22BDAEE20018D7CC /* TodoListViewController.swift in Sources */ = {isa = PBXBuildFile; fileRef = 5746E5EC22BDAEE20018D7CC /* TodoListViewController.swift */; };
		5746E5F022BDAEE20018D7CC /* Main.storyboard in Resources */ = {isa = PBXBuildFile; fileRef = 5746E5EE22BDAEE20018D7CC /* Main.storyboard */; };
		5746E5F222BDAEE30018D7CC /* Assets.xcassets in Resources */ = {isa = PBXBuildFile; fileRef = 5746E5F122BDAEE30018D7CC /* Assets.xcassets */; };
		5746E5F522BDAEE30018D7CC /* LaunchScreen.storyboard in Resources */ = {isa = PBXBuildFile; fileRef = 5746E5F322BDAEE30018D7CC /* LaunchScreen.storyboard */; };
/* End PBXBuildFile section */

/* Begin PBXFileReference section */
		57142C1F22C6BCAB00D59B53 /* DataModel.xcdatamodel */ = {isa = PBXFileReference; lastKnownFileType = wrapper.xcdatamodel; path = DataModel.xcdatamodel; sourceTree = "<group>"; };
		57142C4222C6E14A00D59B53 /* CategoryTableViewController.swift */ = {isa = PBXFileReference; lastKnownFileType = sourcecode.swift; path = CategoryTableViewController.swift; sourceTree = "<group>"; };
		5746E5E722BDAEE20018D7CC /* Todoey.app */ = {isa = PBXFileReference; explicitFileType = wrapper.application; includeInIndex = 0; path = Todoey.app; sourceTree = BUILT_PRODUCTS_DIR; };
		5746E5EA22BDAEE20018D7CC /* AppDelegate.swift */ = {isa = PBXFileReference; lastKnownFileType = sourcecode.swift; path = AppDelegate.swift; sourceTree = "<group>"; };
		5746E5EC22BDAEE20018D7CC /* TodoListViewController.swift */ = {isa = PBXFileReference; lastKnownFileType = sourcecode.swift; path = TodoListViewController.swift; sourceTree = "<group>"; };
		5746E5EF22BDAEE20018D7CC /* Base */ = {isa = PBXFileReference; lastKnownFileType = file.storyboard; name = Base; path = Base.lproj/Main.storyboard; sourceTree = "<group>"; };
		5746E5F122BDAEE30018D7CC /* Assets.xcassets */ = {isa = PBXFileReference; lastKnownFileType = folder.assetcatalog; path = Assets.xcassets; sourceTree = "<group>"; };
		5746E5F422BDAEE30018D7CC /* Base */ = {isa = PBXFileReference; lastKnownFileType = file.storyboard; name = Base; path = Base.lproj/LaunchScreen.storyboard; sourceTree = "<group>"; };
		5746E5F622BDAEE30018D7CC /* Info.plist */ = {isa = PBXFileReference; lastKnownFileType = text.plist.xml; path = Info.plist; sourceTree = "<group>"; };
		5E5F4F09CF7698FE0A37297C /* Pods-Todoey.debug.xcconfig */ = {isa = PBXFileReference; includeInIndex = 1; lastKnownFileType = text.xcconfig; name = "Pods-Todoey.debug.xcconfig"; path = "Target Support Files/Pods-Todoey/Pods-Todoey.debug.xcconfig"; sourceTree = "<group>"; };
		6AD380D2AB4BFF7DC9FDA844 /* Pods_Todoey.framework */ = {isa = PBXFileReference; explicitFileType = wrapper.framework; includeInIndex = 0; path = Pods_Todoey.framework; sourceTree = BUILT_PRODUCTS_DIR; };
		E40001346BD1579D7C409965 /* Pods-Todoey.release.xcconfig */ = {isa = PBXFileReference; includeInIndex = 1; lastKnownFileType = text.xcconfig; name = "Pods-Todoey.release.xcconfig"; path = "Target Support Files/Pods-Todoey/Pods-Todoey.release.xcconfig"; sourceTree = "<group>"; };
/* End PBXFileReference section */

/* Begin PBXFrameworksBuildPhase section */
		5746E5E422BDAEE20018D7CC /* Frameworks */ = {
			isa = PBXFrameworksBuildPhase;
			buildActionMask = 2147483647;
			files = (
				08EC4A70A0177642C56BAE70 /* Pods_Todoey.framework in Frameworks */,
			);
			runOnlyForDeploymentPostprocessing = 0;
		};
/* End PBXFrameworksBuildPhase section */

/* Begin PBXGroup section */
		57170B1E22C594A80044595B /* Data Model */ = {
			isa = PBXGroup;
			children = (
				57142C1E22C6BCAB00D59B53 /* DataModel.xcdatamodeld */,
			);
			path = "Data Model";
			sourceTree = "<group>";
		};
		57170B1F22C594D60044595B /* Controllers */ = {
			isa = PBXGroup;
			children = (
				57142C4222C6E14A00D59B53 /* CategoryTableViewController.swift */,
				5746E5EC22BDAEE20018D7CC /* TodoListViewController.swift */,
			);
			path = Controllers;
			sourceTree = "<group>";
		};
		57170B2022C594E50044595B /* Views */ = {
			isa = PBXGroup;
			children = (
				5746E5EE22BDAEE20018D7CC /* Main.storyboard */,
			);
			path = Views;
			sourceTree = "<group>";
		};
		57170B2122C5950A0044595B /* Supporting Files */ = {
			isa = PBXGroup;
			children = (
				5746E5F122BDAEE30018D7CC /* Assets.xcassets */,
				5746E5F322BDAEE30018D7CC /* LaunchScreen.storyboard */,
			);
			path = "Supporting Files";
			sourceTree = "<group>";
		};
		5746E5DE22BDAEE20018D7CC = {
			isa = PBXGroup;
			children = (
				5746E5E922BDAEE20018D7CC /* Todoey */,
				5746E5E822BDAEE20018D7CC /* Products */,
				C3D22C96D46E9CBD2A001AF1 /* Pods */,
				F09FF10C4293F243F7DDCA26 /* Frameworks */,
			);
			sourceTree = "<group>";
		};
		5746E5E822BDAEE20018D7CC /* Products */ = {
			isa = PBXGroup;
			children = (
				5746E5E722BDAEE20018D7CC /* Todoey.app */,
			);
			name = Products;
			sourceTree = "<group>";
		};
		5746E5E922BDAEE20018D7CC /* Todoey */ = {
			isa = PBXGroup;
			children = (
				5746E5EA22BDAEE20018D7CC /* AppDelegate.swift */,
				57170B1F22C594D60044595B /* Controllers */,
				57170B1E22C594A80044595B /* Data Model */,
				57170B2022C594E50044595B /* Views */,
				57170B2122C5950A0044595B /* Supporting Files */,
				5746E5F622BDAEE30018D7CC /* Info.plist */,
			);
			path = Todoey;
			sourceTree = "<group>";
		};
		C3D22C96D46E9CBD2A001AF1 /* Pods */ = {
			isa = PBXGroup;
			children = (
				5E5F4F09CF7698FE0A37297C /* Pods-Todoey.debug.xcconfig */,
				E40001346BD1579D7C409965 /* Pods-Todoey.release.xcconfig */,
			);
			name = Pods;
			path = Pods;
			sourceTree = "<group>";
		};
		F09FF10C4293F243F7DDCA26 /* Frameworks */ = {
			isa = PBXGroup;
			children = (
				6AD380D2AB4BFF7DC9FDA844 /* Pods_Todoey.framework */,
			);
			name = Frameworks;
			sourceTree = "<group>";
		};
/* End PBXGroup section */

/* Begin PBXNativeTarget section */
		5746E5E622BDAEE20018D7CC /* Todoey */ = {
			isa = PBXNativeTarget;
			buildConfigurationList = 5746E5F922BDAEE30018D7CC /* Build configuration list for PBXNativeTarget "Todoey" */;
			buildPhases = (
				DD957190097D432039BD32BE /* [CP] Check Pods Manifest.lock */,
				5746E5E322BDAEE20018D7CC /* Sources */,
				5746E5E422BDAEE20018D7CC /* Frameworks */,
				5746E5E522BDAEE20018D7CC /* Resources */,
				18B4F905C04F946325882CDF /* [CP] Embed Pods Frameworks */,
			);
			buildRules = (
			);
			dependencies = (
			);
			name = Todoey;
			productName = Todoey;
			productReference = 5746E5E722BDAEE20018D7CC /* Todoey.app */;
			productType = "com.apple.product-type.application";
		};
/* End PBXNativeTarget section */

/* Begin PBXProject section */
		5746E5DF22BDAEE20018D7CC /* Project object */ = {
			isa = PBXProject;
			attributes = {
				LastSwiftUpdateCheck = 1020;
				LastUpgradeCheck = 1020;
				ORGANIZATIONNAME = "Jhon Garcia";
				TargetAttributes = {
					5746E5E622BDAEE20018D7CC = {
						CreatedOnToolsVersion = 10.2.1;
					};
				};
			};
			buildConfigurationList = 5746E5E222BDAEE20018D7CC /* Build configuration list for PBXProject "Todoey" */;
			compatibilityVersion = "Xcode 9.3";
			developmentRegion = en;
			hasScannedForEncodings = 0;
			knownRegions = (
				en,
				Base,
			);
			mainGroup = 5746E5DE22BDAEE20018D7CC;
			productRefGroup = 5746E5E822BDAEE20018D7CC /* Products */;
			projectDirPath = "";
			projectRoot = "";
			targets = (
				5746E5E622BDAEE20018D7CC /* Todoey */,
			);
		};
/* End PBXProject section */

/* Begin PBXResourcesBuildPhase section */
		5746E5E522BDAEE20018D7CC /* Resources */ = {
			isa = PBXResourcesBuildPhase;
			buildActionMask = 2147483647;
			files = (
				5746E5F522BDAEE30018D7CC /* LaunchScreen.storyboard in Resources */,
				5746E5F222BDAEE30018D7CC /* Assets.xcassets in Resources */,
				5746E5F022BDAEE20018D7CC /* Main.storyboard in Resources */,
			);
			runOnlyForDeploymentPostprocessing = 0;
		};
/* End PBXResourcesBuildPhase section */

/* Begin PBXShellScriptBuildPhase section */
		18B4F905C04F946325882CDF /* [CP] Embed Pods Frameworks */ = {
			isa = PBXShellScriptBuildPhase;
			buildActionMask = 2147483647;
			files = (
			);
			inputFileListPaths = (
				"${PODS_ROOT}/Target Support Files/Pods-Todoey/Pods-Todoey-frameworks-${CONFIGURATION}-input-files.xcfilelist",
			);
			name = "[CP] Embed Pods Frameworks";
			outputFileListPaths = (
				"${PODS_ROOT}/Target Support Files/Pods-Todoey/Pods-Todoey-frameworks-${CONFIGURATION}-output-files.xcfilelist",
			);
			runOnlyForDeploymentPostprocessing = 0;
			shellPath = /bin/sh;
			shellScript = "\"${PODS_ROOT}/Target Support Files/Pods-Todoey/Pods-Todoey-frameworks.sh\"\n";
			showEnvVarsInLog = 0;
		};
		DD957190097D432039BD32BE /* [CP] Check Pods Manifest.lock */ = {
			isa = PBXShellScriptBuildPhase;
			buildActionMask = 2147483647;
			files = (
			);
			inputFileListPaths = (
			);
			inputPaths = (
				"${PODS_PODFILE_DIR_PATH}/Podfile.lock",
				"${PODS_ROOT}/Manifest.lock",
			);
			name = "[CP] Check Pods Manifest.lock";
			outputFileListPaths = (
			);
			outputPaths = (
				"$(DERIVED_FILE_DIR)/Pods-Todoey-checkManifestLockResult.txt",
			);
			runOnlyForDeploymentPostprocessing = 0;
			shellPath = /bin/sh;
			shellScript = "diff \"${PODS_PODFILE_DIR_PATH}/Podfile.lock\" \"${PODS_ROOT}/Manifest.lock\" > /dev/null\nif [ $? != 0 ] ; then\n    # print error to STDERR\n    echo \"error: The sandbox is not in sync with the Podfile.lock. Run 'pod install' or update your CocoaPods installation.\" >&2\n    exit 1\nfi\n# This output is used by Xcode 'outputs' to avoid re-running this script phase.\necho \"SUCCESS\" > \"${SCRIPT_OUTPUT_FILE_0}\"\n";
			showEnvVarsInLog = 0;
		};
/* End PBXShellScriptBuildPhase section */

/* Begin PBXSourcesBuildPhase section */
		5746E5E322BDAEE20018D7CC /* Sources */ = {
			isa = PBXSourcesBuildPhase;
			buildActionMask = 2147483647;
			files = (
				5746E5ED22BDAEE20018D7CC /* TodoListViewController.swift in Sources */,
				57142C2022C6BCAB00D59B53 /* DataModel.xcdatamodeld in Sources */,
				5746E5EB22BDAEE20018D7CC /* AppDelegate.swift in Sources */,
				57142C4322C6E14A00D59B53 /* CategoryTableViewController.swift in Sources */,
			);
			runOnlyForDeploymentPostprocessing = 0;
		};
/* End PBXSourcesBuildPhase section */

/* Begin PBXVariantGroup section */
		5746E5EE22BDAEE20018D7CC /* Main.storyboard */ = {
			isa = PBXVariantGroup;
			children = (
				5746E5EF22BDAEE20018D7CC /* Base */,
			);
			name = Main.storyboard;
			sourceTree = "<group>";
		};
		5746E5F322BDAEE30018D7CC /* LaunchScreen.storyboard */ = {
			isa = PBXVariantGroup;
			children = (
				5746E5F422BDAEE30018D7CC /* Base */,
			);
			name = LaunchScreen.storyboard;
			sourceTree = "<group>";
		};
/* End PBXVariantGroup section */

/* Begin XCBuildConfiguration section */
		5746E5F722BDAEE30018D7CC /* Debug */ = {
			isa = XCBuildConfiguration;
			buildSettings = {
				ALWAYS_SEARCH_USER_PATHS = NO;
				CLANG_ANALYZER_NONNULL = YES;
				CLANG_ANALYZER_NUMBER_OBJECT_CONVERSION = YES_AGGRESSIVE;
				CLANG_CXX_LANGUAGE_STANDARD = "gnu++14";
				CLANG_CXX_LIBRARY = "libc++";
				CLANG_ENABLE_MODULES = YES;
				CLANG_ENABLE_OBJC_ARC = YES;
				CLANG_ENABLE_OBJC_WEAK = YES;
				CLANG_WARN_BLOCK_CAPTURE_AUTORELEASING = YES;
				CLANG_WARN_BOOL_CONVERSION = YES;
				CLANG_WARN_COMMA = YES;
				CLANG_WARN_CONSTANT_CONVERSION = YES;
				CLANG_WARN_DEPRECATED_OBJC_IMPLEMENTATIONS = YES;
				CLANG_WARN_DIRECT_OBJC_ISA_USAGE = YES_ERROR;
				CLANG_WARN_DOCUMENTATION_COMMENTS = YES;
				CLANG_WARN_EMPTY_BODY = YES;
				CLANG_WARN_ENUM_CONVERSION = YES;
				CLANG_WARN_INFINITE_RECURSION = YES;
				CLANG_WARN_INT_CONVERSION = YES;
				CLANG_WARN_NON_LITERAL_NULL_CONVERSION = YES;
				CLANG_WARN_OBJC_IMPLICIT_RETAIN_SELF = YES;
				CLANG_WARN_OBJC_LITERAL_CONVERSION = YES;
				CLANG_WARN_OBJC_ROOT_CLASS = YES_ERROR;
				CLANG_WARN_RANGE_LOOP_ANALYSIS = YES;
				CLANG_WARN_STRICT_PROTOTYPES = YES;
				CLANG_WARN_SUSPICIOUS_MOVE = YES;
				CLANG_WARN_UNGUARDED_AVAILABILITY = YES_AGGRESSIVE;
				CLANG_WARN_UNREACHABLE_CODE = YES;
				CLANG_WARN__DUPLICATE_METHOD_MATCH = YES;
				CODE_SIGN_IDENTITY = "iPhone Developer";
				COPY_PHASE_STRIP = NO;
				DEBUG_INFORMATION_FORMAT = dwarf;
				ENABLE_STRICT_OBJC_MSGSEND = YES;
				ENABLE_TESTABILITY = YES;
				GCC_C_LANGUAGE_STANDARD = gnu11;
				GCC_DYNAMIC_NO_PIC = NO;
				GCC_NO_COMMON_BLOCKS = YES;
				GCC_OPTIMIZATION_LEVEL = 0;
				GCC_PREPROCESSOR_DEFINITIONS = (
					"DEBUG=1",
					"$(inherited)",
				);
				GCC_WARN_64_TO_32_BIT_CONVERSION = YES;
				GCC_WARN_ABOUT_RETURN_TYPE = YES_ERROR;
				GCC_WARN_UNDECLARED_SELECTOR = YES;
				GCC_WARN_UNINITIALIZED_AUTOS = YES_AGGRESSIVE;
				GCC_WARN_UNUSED_FUNCTION = YES;
				GCC_WARN_UNUSED_VARIABLE = YES;
				IPHONEOS_DEPLOYMENT_TARGET = 12.2;
				MTL_ENABLE_DEBUG_INFO = INCLUDE_SOURCE;
				MTL_FAST_MATH = YES;
				ONLY_ACTIVE_ARCH = YES;
				SDKROOT = iphoneos;
				SWIFT_ACTIVE_COMPILATION_CONDITIONS = DEBUG;
				SWIFT_OPTIMIZATION_LEVEL = "-Onone";
			};
			name = Debug;
		};
		5746E5F822BDAEE30018D7CC /* Release */ = {
			isa = XCBuildConfiguration;
			buildSettings = {
				ALWAYS_SEARCH_USER_PATHS = NO;
				CLANG_ANALYZER_NONNULL = YES;
				CLANG_ANALYZER_NUMBER_OBJECT_CONVERSION = YES_AGGRESSIVE;
				CLANG_CXX_LANGUAGE_STANDARD = "gnu++14";
				CLANG_CXX_LIBRARY = "libc++";
				CLANG_ENABLE_MODULES = YES;
				CLANG_ENABLE_OBJC_ARC = YES;
				CLANG_ENABLE_OBJC_WEAK = YES;
				CLANG_WARN_BLOCK_CAPTURE_AUTORELEASING = YES;
				CLANG_WARN_BOOL_CONVERSION = YES;
				CLANG_WARN_COMMA = YES;
				CLANG_WARN_CONSTANT_CONVERSION = YES;
				CLANG_WARN_DEPRECATED_OBJC_IMPLEMENTATIONS = YES;
				CLANG_WARN_DIRECT_OBJC_ISA_USAGE = YES_ERROR;
				CLANG_WARN_DOCUMENTATION_COMMENTS = YES;
				CLANG_WARN_EMPTY_BODY = YES;
				CLANG_WARN_ENUM_CONVERSION = YES;
				CLANG_WARN_INFINITE_RECURSION = YES;
				CLANG_WARN_INT_CONVERSION = YES;
				CLANG_WARN_NON_LITERAL_NULL_CONVERSION = YES;
				CLANG_WARN_OBJC_IMPLICIT_RETAIN_SELF = YES;
				CLANG_WARN_OBJC_LITERAL_CONVERSION = YES;
				CLANG_WARN_OBJC_ROOT_CLASS = YES_ERROR;
				CLANG_WARN_RANGE_LOOP_ANALYSIS = YES;
				CLANG_WARN_STRICT_PROTOTYPES = YES;
				CLANG_WARN_SUSPICIOUS_MOVE = YES;
				CLANG_WARN_UNGUARDED_AVAILABILITY = YES_AGGRESSIVE;
				CLANG_WARN_UNREACHABLE_CODE = YES;
				CLANG_WARN__DUPLICATE_METHOD_MATCH = YES;
				CODE_SIGN_IDENTITY = "iPhone Developer";
				COPY_PHASE_STRIP = NO;
				DEBUG_INFORMATION_FORMAT = "dwarf-with-dsym";
				ENABLE_NS_ASSERTIONS = NO;
				ENABLE_STRICT_OBJC_MSGSEND = YES;
				GCC_C_LANGUAGE_STANDARD = gnu11;
				GCC_NO_COMMON_BLOCKS = YES;
				GCC_WARN_64_TO_32_BIT_CONVERSION = YES;
				GCC_WARN_ABOUT_RETURN_TYPE = YES_ERROR;
				GCC_WARN_UNDECLARED_SELECTOR = YES;
				GCC_WARN_UNINITIALIZED_AUTOS = YES_AGGRESSIVE;
				GCC_WARN_UNUSED_FUNCTION = YES;
				GCC_WARN_UNUSED_VARIABLE = YES;
				IPHONEOS_DEPLOYMENT_TARGET = 12.2;
				MTL_ENABLE_DEBUG_INFO = NO;
				MTL_FAST_MATH = YES;
				SDKROOT = iphoneos;
				SWIFT_COMPILATION_MODE = wholemodule;
				SWIFT_OPTIMIZATION_LEVEL = "-O";
				VALIDATE_PRODUCT = YES;
			};
			name = Release;
		};
		5746E5FA22BDAEE30018D7CC /* Debug */ = {
			isa = XCBuildConfiguration;
			baseConfigurationReference = 5E5F4F09CF7698FE0A37297C /* Pods-Todoey.debug.xcconfig */;
			buildSettings = {
				ASSETCATALOG_COMPILER_APPICON_NAME = AppIcon;
				CODE_SIGN_STYLE = Automatic;
				DEVELOPMENT_TEAM = 6L7R4D8BQG;
				INFOPLIST_FILE = Todoey/Info.plist;
				LD_RUNPATH_SEARCH_PATHS = (
					"$(inherited)",
					"@executable_path/Frameworks",
				);
				PRODUCT_BUNDLE_IDENTIFIER = JhonG.Todoey;
				PRODUCT_NAME = "$(TARGET_NAME)";
				SWIFT_VERSION = 5.0;
				TARGETED_DEVICE_FAMILY = "1,2";
			};
			name = Debug;
		};
		5746E5FB22BDAEE30018D7CC /* Release */ = {
			isa = XCBuildConfiguration;
			baseConfigurationReference = E40001346BD1579D7C409965 /* Pods-Todoey.release.xcconfig */;
			buildSettings = {
				ASSETCATALOG_COMPILER_APPICON_NAME = AppIcon;
				CODE_SIGN_STYLE = Automatic;
				DEVELOPMENT_TEAM = 6L7R4D8BQG;
				INFOPLIST_FILE = Todoey/Info.plist;
				LD_RUNPATH_SEARCH_PATHS = (
					"$(inherited)",
					"@executable_path/Frameworks",
				);
				PRODUCT_BUNDLE_IDENTIFIER = JhonG.Todoey;
				PRODUCT_NAME = "$(TARGET_NAME)";
				SWIFT_VERSION = 5.0;
				TARGETED_DEVICE_FAMILY = "1,2";
			};
			name = Release;
		};
/* End XCBuildConfiguration section */

/* Begin XCConfigurationList section */
		5746E5E222BDAEE20018D7CC /* Build configuration list for PBXProject "Todoey" */ = {
			isa = XCConfigurationList;
			buildConfigurations = (
				5746E5F722BDAEE30018D7CC /* Debug */,
				5746E5F822BDAEE30018D7CC /* Release */,
			);
			defaultConfigurationIsVisible = 0;
			defaultConfigurationName = Release;
		};
		5746E5F922BDAEE30018D7CC /* Build configuration list for PBXNativeTarget "Todoey" */ = {
			isa = XCConfigurationList;
			buildConfigurations = (
				5746E5FA22BDAEE30018D7CC /* Debug */,
				5746E5FB22BDAEE30018D7CC /* Release */,
			);
			defaultConfigurationIsVisible = 0;
			defaultConfigurationName = Release;
		};
/* End XCConfigurationList section */

/* Begin XCVersionGroup section */
		57142C1E22C6BCAB00D59B53 /* DataModel.xcdatamodeld */ = {
			isa = XCVersionGroup;
			children = (
				57142C1F22C6BCAB00D59B53 /* DataModel.xcdatamodel */,
			);
			currentVersion = 57142C1F22C6BCAB00D59B53 /* DataModel.xcdatamodel */;
			path = DataModel.xcdatamodeld;
			sourceTree = "<group>";
			versionGroupType = wrapper.xcdatamodel;
		};
/* End XCVersionGroup section */
	};
	rootObject = 5746E5DF22BDAEE20018D7CC /* Project object */;
}
